
Microsoft Visual Studio Solution File, Format Version 12.00
# Visual Studio Version 17
VisualStudioVersion = 17.9.34723.18
MinimumVisualStudioVersion = 10.0.40219.1
Project("{9A19103F-16F7-4668-BE54-9A1E7A4F7556}") = "DishesRecipes", "Dishes Recipes\DishesRecipes.csproj", "{D5D3D4F6-3F7A-4C14-9707-AE32D8851E8B}"
EndProject
Project("{9A19103F-16F7-4668-BE54-9A1E7A4F7556}") = "Recipes", "Recipes\Recipes.csproj", "{FBE00584-6107-4E15-8789-494BF92BB191}"
EndProject
Global
	GlobalSection(SolutionConfigurationPlatforms) = preSolution
		Debug|Any CPU = Debug|Any CPU
		Release|Any CPU = Release|Any CPU
	EndGlobalSection
	GlobalSection(ProjectConfigurationPlatforms) = postSolution
		{D5D3D4F6-3F7A-4C14-9707-AE32D8851E8B}.Debug|Any CPU.ActiveCfg = Debug|Any CPU
		{D5D3D4F6-3F7A-4C14-9707-AE32D8851E8B}.Debug|Any CPU.Build.0 = Debug|Any CPU
		{D5D3D4F6-3F7A-4C14-9707-AE32D8851E8B}.Release|Any CPU.ActiveCfg = Release|Any CPU
		{D5D3D4F6-3F7A-4C14-9707-AE32D8851E8B}.Release|Any CPU.Build.0 = Release|Any CPU
		{FBE00584-6107-4E15-8789-494BF92BB191}.Debug|Any CPU.ActiveCfg = Debug|Any CPU
		{FBE00584-6107-4E15-8789-494BF92BB191}.Debug|Any CPU.Build.0 = Debug|Any CPU
		{FBE00584-6107-4E15-8789-494BF92BB191}.Release|Any CPU.ActiveCfg = Release|Any CPU
		{FBE00584-6107-4E15-8789-494BF92BB191}.Release|Any CPU.Build.0 = Release|Any CPU
	EndGlobalSection
	GlobalSection(SolutionProperties) = preSolution
		HideSolutionNode = FALSE
	EndGlobalSection
	GlobalSection(ExtensibilityGlobals) = postSolution
		SolutionGuid = {8EA88002-9A28-4072-839B-F33E5DFD64FD}
	EndGlobalSection
EndGlobal
